// !$*UTF8*$!
{
	archiveVersion = 1;
	classes = {
	};
	objectVersion = 48;
	objects = {

/* Begin PBXBuildFile section */
		842B5FAD1FE9438E00A1E478 /* WaveProgressView.framework in Frameworks */ = {isa = PBXBuildFile; fileRef = 8467730A1FE751AE0008358B /* WaveProgressView.framework */; };
		842B5FAE1FE9438E00A1E478 /* WaveProgressView.framework in Embed Frameworks */ = {isa = PBXBuildFile; fileRef = 8467730A1FE751AE0008358B /* WaveProgressView.framework */; settings = {ATTRIBUTES = (CodeSignOnCopy, RemoveHeadersOnCopy, ); }; };
		84A202D11FE74F7900366EBE /* AppDelegate.swift in Sources */ = {isa = PBXBuildFile; fileRef = 84A202C81FE74F7900366EBE /* AppDelegate.swift */; };
		84A202D21FE74F7900366EBE /* ViewController.swift in Sources */ = {isa = PBXBuildFile; fileRef = 84A202C91FE74F7900366EBE /* ViewController.swift */; };
		84A202D31FE74F7900366EBE /* Assets.xcassets in Resources */ = {isa = PBXBuildFile; fileRef = 84A202CB1FE74F7900366EBE /* Assets.xcassets */; };
		84A202D71FE74FE900366EBE /* LaunchScreen.storyboard in Resources */ = {isa = PBXBuildFile; fileRef = 84A202CC1FE74F7900366EBE /* LaunchScreen.storyboard */; };
/* End PBXBuildFile section */

/* Begin PBXContainerItemProxy section */
		842B5FAF1FE9438F00A1E478 /* PBXContainerItemProxy */ = {
			isa = PBXContainerItemProxy;
			containerPortal = 846773051FE751AE0008358B /* WaveProgressView.xcodeproj */;
			proxyType = 1;
			remoteGlobalIDString = 84A202951FE74DF800366EBE;
			remoteInfo = WaveProgressView;
		};
		846773091FE751AE0008358B /* PBXContainerItemProxy */ = {
			isa = PBXContainerItemProxy;
			containerPortal = 846773051FE751AE0008358B /* WaveProgressView.xcodeproj */;
			proxyType = 2;
			remoteGlobalIDString = 84A202961FE74DF800366EBE;
			remoteInfo = WaveProgressView;
		};
/* End PBXContainerItemProxy section */

/* Begin PBXCopyFilesBuildPhase section */
		842B5FB11FE9438F00A1E478 /* Embed Frameworks */ = {
			isa = PBXCopyFilesBuildPhase;
			buildActionMask = 2147483647;
			dstPath = "";
			dstSubfolderSpec = 10;
			files = (
				842B5FAE1FE9438E00A1E478 /* WaveProgressView.framework in Embed Frameworks */,
			);
			name = "Embed Frameworks";
			runOnlyForDeploymentPostprocessing = 0;
		};
/* End PBXCopyFilesBuildPhase section */

/* Begin PBXFileReference section */
		846773051FE751AE0008358B /* WaveProgressView.xcodeproj */ = {isa = PBXFileReference; lastKnownFileType = "wrapper.pb-project"; name = WaveProgressView.xcodeproj; path = ../WaveProgressView.xcodeproj; sourceTree = "<group>"; };
		84A202AA1FE74E8F00366EBE /* Example.app */ = {isa = PBXFileReference; explicitFileType = wrapper.application; includeInIndex = 0; path = Example.app; sourceTree = BUILT_PRODUCTS_DIR; };
		84A202C81FE74F7900366EBE /* AppDelegate.swift */ = {isa = PBXFileReference; fileEncoding = 4; lastKnownFileType = sourcecode.swift; path = AppDelegate.swift; sourceTree = "<group>"; };
		84A202C91FE74F7900366EBE /* ViewController.swift */ = {isa = PBXFileReference; fileEncoding = 4; lastKnownFileType = sourcecode.swift; path = ViewController.swift; sourceTree = "<group>"; };
		84A202CB1FE74F7900366EBE /* Assets.xcassets */ = {isa = PBXFileReference; lastKnownFileType = folder.assetcatalog; path = Assets.xcassets; sourceTree = "<group>"; };
		84A202CD1FE74F7900366EBE /* Base */ = {isa = PBXFileReference; lastKnownFileType = file.storyboard; name = Base; path = Base.lproj/LaunchScreen.storyboard; sourceTree = "<group>"; };
		84A202D01FE74F7900366EBE /* Info.plist */ = {isa = PBXFileReference; fileEncoding = 4; lastKnownFileType = text.plist.xml; path = Info.plist; sourceTree = "<group>"; };
/* End PBXFileReference section */

/* Begin PBXFrameworksBuildPhase section */
		84A202A71FE74E8F00366EBE /* Frameworks */ = {
			isa = PBXFrameworksBuildPhase;
			buildActionMask = 2147483647;
			files = (
				842B5FAD1FE9438E00A1E478 /* WaveProgressView.framework in Frameworks */,
			);
			runOnlyForDeploymentPostprocessing = 0;
		};
/* End PBXFrameworksBuildPhase section */

/* Begin PBXGroup section */
		846773061FE751AE0008358B /* Products */ = {
			isa = PBXGroup;
			children = (
				8467730A1FE751AE0008358B /* WaveProgressView.framework */,
			);
			name = Products;
			sourceTree = "<group>";
		};
		84A202A11FE74E8F00366EBE = {
			isa = PBXGroup;
			children = (
				84A202C61FE74F7900366EBE /* Source */,
				84A202AB1FE74E8F00366EBE /* Products */,
				846773051FE751AE0008358B /* WaveProgressView.xcodeproj */,
			);
			sourceTree = "<group>";
		};
		84A202AB1FE74E8F00366EBE /* Products */ = {
			isa = PBXGroup;
			children = (
				84A202AA1FE74E8F00366EBE /* Example.app */,
			);
			name = Products;
			sourceTree = "<group>";
		};
		84A202C61FE74F7900366EBE /* Source */ = {
			isa = PBXGroup;
			children = (
				84A202C71FE74F7900366EBE /* Classes */,
				84A202CA1FE74F7900366EBE /* Supporting Files */,
			);
			path = Source;
			sourceTree = "<group>";
		};
		84A202C71FE74F7900366EBE /* Classes */ = {
			isa = PBXGroup;
			children = (
				84A202C81FE74F7900366EBE /* AppDelegate.swift */,
				84A202C91FE74F7900366EBE /* ViewController.swift */,
			);
			path = Classes;
			sourceTree = "<group>";
		};
		84A202CA1FE74F7900366EBE /* Supporting Files */ = {
			isa = PBXGroup;
			children = (
				84A202CB1FE74F7900366EBE /* Assets.xcassets */,
				84A202CC1FE74F7900366EBE /* LaunchScreen.storyboard */,
				84A202D01FE74F7900366EBE /* Info.plist */,
			);
			path = "Supporting Files";
			sourceTree = "<group>";
		};
/* End PBXGroup section */

/* Begin PBXNativeTarget section */
		84A202A91FE74E8F00366EBE /* Example */ = {
			isa = PBXNativeTarget;
			buildConfigurationList = 84A202BC1FE74E8F00366EBE /* Build configuration list for PBXNativeTarget "Example" */;
			buildPhases = (
				84A202A61FE74E8F00366EBE /* Sources */,
				84A202A71FE74E8F00366EBE /* Frameworks */,
				84A202A81FE74E8F00366EBE /* Resources */,
				842B5FB11FE9438F00A1E478 /* Embed Frameworks */,
			);
			buildRules = (
			);
			dependencies = (
				842B5FB01FE9438F00A1E478 /* PBXTargetDependency */,
			);
			name = Example;
			productName = Example;
			productReference = 84A202AA1FE74E8F00366EBE /* Example.app */;
			productType = "com.apple.product-type.application";
		};
/* End PBXNativeTarget section */

/* Begin PBXProject section */
		84A202A21FE74E8F00366EBE /* Project object */ = {
			isa = PBXProject;
			attributes = {
				LastSwiftUpdateCheck = 0910;
				LastUpgradeCheck = 0910;
				ORGANIZATIONNAME = "Gorjan Sukov";
				TargetAttributes = {
					84A202A91FE74E8F00366EBE = {
						CreatedOnToolsVersion = 9.1;
						ProvisioningStyle = Automatic;
					};
				};
			};
			buildConfigurationList = 84A202A51FE74E8F00366EBE /* Build configuration list for PBXProject "Example" */;
			compatibilityVersion = "Xcode 8.0";
			developmentRegion = en;
			hasScannedForEncodings = 0;
			knownRegions = (
				en,
				Base,
			);
			mainGroup = 84A202A11FE74E8F00366EBE;
			productRefGroup = 84A202AB1FE74E8F00366EBE /* Products */;
			projectDirPath = "";
			projectReferences = (
				{
					ProductGroup = 846773061FE751AE0008358B /* Products */;
					ProjectRef = 846773051FE751AE0008358B /* WaveProgressView.xcodeproj */;
				},
			);
			projectRoot = "";
			targets = (
				84A202A91FE74E8F00366EBE /* Example */,
			);
		};
/* End PBXProject section */

/* Begin PBXReferenceProxy section */
		8467730A1FE751AE0008358B /* WaveProgressView.framework */ = {
			isa = PBXReferenceProxy;
			fileType = wrapper.framework;
			path = WaveProgressView.framework;
			remoteRef = 846773091FE751AE0008358B /* PBXContainerItemProxy */;
			sourceTree = BUILT_PRODUCTS_DIR;
		};
/* End PBXReferenceProxy section */

/* Begin PBXResourcesBuildPhase section */
		84A202A81FE74E8F00366EBE /* Resources */ = {
			isa = PBXResourcesBuildPhase;
			buildActionMask = 2147483647;
			files = (
				84A202D71FE74FE900366EBE /* LaunchScreen.storyboard in Resources */,
				84A202D31FE74F7900366EBE /* Assets.xcassets in Resources */,
			);
			runOnlyForDeploymentPostprocessing = 0;
		};
/* End PBXResourcesBuildPhase section */

/* Begin PBXSourcesBuildPhase section */
		84A202A61FE74E8F00366EBE /* Sources */ = {
			isa = PBXSourcesBuildPhase;
			buildActionMask = 2147483647;
			files = (
				84A202D21FE74F7900366EBE /* ViewController.swift in Sources */,
				84A202D11FE74F7900366EBE /* AppDelegate.swift in Sources */,
			);
			runOnlyForDeploymentPostprocessing = 0;
		};
/* End PBXSourcesBuildPhase section */

/* Begin PBXTargetDependency section */
		842B5FB01FE9438F00A1E478 /* PBXTargetDependency */ = {
			isa = PBXTargetDependency;
			name = WaveProgressView;
			targetProxy = 842B5FAF1FE9438F00A1E478 /* PBXContainerItemProxy */;
		};
/* End PBXTargetDependency section */

/* Begin PBXVariantGroup section */
		84A202CC1FE74F7900366EBE /* LaunchScreen.storyboard */ = {
			isa = PBXVariantGroup;
			children = (
				84A202CD1FE74F7900366EBE /* Base */,
			);
			name = LaunchScreen.storyboard;
			sourceTree = "<group>";
		};
/* End PBXVariantGroup section */

/* Begin XCBuildConfiguration section */
		84A202BA1FE74E8F00366EBE /* Debug */ = {
			isa = XCBuildConfiguration;
			buildSettings = {
				ALWAYS_SEARCH_USER_PATHS = NO;
				CLANG_ANALYZER_NONNULL = YES;
				CLANG_ANALYZER_NUMBER_OBJECT_CONVERSION = YES_AGGRESSIVE;
				CLANG_CXX_LANGUAGE_STANDARD = "gnu++14";
				CLANG_CXX_LIBRARY = "libc++";
				CLANG_ENABLE_MODULES = YES;
				CLANG_ENABLE_OBJC_ARC = YES;
				CLANG_WARN_BLOCK_CAPTURE_AUTORELEASING = YES;
				CLANG_WARN_BOOL_CONVERSION = YES;
				CLANG_WARN_COMMA = YES;
				CLANG_WARN_CONSTANT_CONVERSION = YES;
				CLANG_WARN_DIRECT_OBJC_ISA_USAGE = YES_ERROR;
				CLANG_WARN_DOCUMENTATION_COMMENTS = YES;
				CLANG_WARN_EMPTY_BODY = YES;
				CLANG_WARN_ENUM_CONVERSION = YES;
				CLANG_WARN_INFINITE_RECURSION = YES;
				CLANG_WARN_INT_CONVERSION = YES;
				CLANG_WARN_NON_LITERAL_NULL_CONVERSION = YES;
				CLANG_WARN_OBJC_LITERAL_CONVERSION = YES;
				CLANG_WARN_OBJC_ROOT_CLASS = YES_ERROR;
				CLANG_WARN_RANGE_LOOP_ANALYSIS = YES;
				CLANG_WARN_STRICT_PROTOTYPES = YES;
				CLANG_WARN_SUSPICIOUS_MOVE = YES;
				CLANG_WARN_UNGUARDED_AVAILABILITY = YES_AGGRESSIVE;
				CLANG_WARN_UNREACHABLE_CODE = YES;
				CLANG_WARN__DUPLICATE_METHOD_MATCH = YES;
				CODE_SIGN_IDENTITY = "iPhone Developer";
				COPY_PHASE_STRIP = NO;
				DEBUG_INFORMATION_FORMAT = dwarf;
				ENABLE_STRICT_OBJC_MSGSEND = YES;
				ENABLE_TESTABILITY = YES;
				GCC_C_LANGUAGE_STANDARD = gnu11;
				GCC_DYNAMIC_NO_PIC = NO;
				GCC_NO_COMMON_BLOCKS = YES;
				GCC_OPTIMIZATION_LEVEL = 0;
				GCC_PREPROCESSOR_DEFINITIONS = (
					"DEBUG=1",
					"$(inherited)",
				);
				GCC_WARN_64_TO_32_BIT_CONVERSION = YES;
				GCC_WARN_ABOUT_RETURN_TYPE = YES_ERROR;
				GCC_WARN_UNDECLARED_SELECTOR = YES;
				GCC_WARN_UNINITIALIZED_AUTOS = YES_AGGRESSIVE;
				GCC_WARN_UNUSED_FUNCTION = YES;
				GCC_WARN_UNUSED_VARIABLE = YES;
				IPHONEOS_DEPLOYMENT_TARGET = 9.0;
				MTL_ENABLE_DEBUG_INFO = YES;
				ONLY_ACTIVE_ARCH = YES;
				SDKROOT = iphoneos;
				SWIFT_ACTIVE_COMPILATION_CONDITIONS = DEBUG;
				SWIFT_OPTIMIZATION_LEVEL = "-Onone";
			};
			name = Debug;
		};
		84A202BB1FE74E8F00366EBE /* Release */ = {
			isa = XCBuildConfiguration;
			buildSettings = {
				ALWAYS_SEARCH_USER_PATHS = NO;
				CLANG_ANALYZER_NONNULL = YES;
				CLANG_ANALYZER_NUMBER_OBJECT_CONVERSION = YES_AGGRESSIVE;
				CLANG_CXX_LANGUAGE_STANDARD = "gnu++14";
				CLANG_CXX_LIBRARY = "libc++";
				CLANG_ENABLE_MODULES = YES;
				CLANG_ENABLE_OBJC_ARC = YES;
				CLANG_WARN_BLOCK_CAPTURE_AUTORELEASING = YES;
				CLANG_WARN_BOOL_CONVERSION = YES;
				CLANG_WARN_COMMA = YES;
				CLANG_WARN_CONSTANT_CONVERSION = YES;
				CLANG_WARN_DIRECT_OBJC_ISA_USAGE = YES_ERROR;
				CLANG_WARN_DOCUMENTATION_COMMENTS = YES;
				CLANG_WARN_EMPTY_BODY = YES;
				CLANG_WARN_ENUM_CONVERSION = YES;
				CLANG_WARN_INFINITE_RECURSION = YES;
				CLANG_WARN_INT_CONVERSION = YES;
				CLANG_WARN_NON_LITERAL_NULL_CONVERSION = YES;
				CLANG_WARN_OBJC_LITERAL_CONVERSION = YES;
				CLANG_WARN_OBJC_ROOT_CLASS = YES_ERROR;
				CLANG_WARN_RANGE_LOOP_ANALYSIS = YES;
				CLANG_WARN_STRICT_PROTOTYPES = YES;
				CLANG_WARN_SUSPICIOUS_MOVE = YES;
				CLANG_WARN_UNGUARDED_AVAILABILITY = YES_AGGRESSIVE;
				CLANG_WARN_UNREACHABLE_CODE = YES;
				CLANG_WARN__DUPLICATE_METHOD_MATCH = YES;
				CODE_SIGN_IDENTITY = "iPhone Developer";
				COPY_PHASE_STRIP = NO;
				DEBUG_INFORMATION_FORMAT = "dwarf-with-dsym";
				ENABLE_NS_ASSERTIONS = NO;
				ENABLE_STRICT_OBJC_MSGSEND = YES;
				GCC_C_LANGUAGE_STANDARD = gnu11;
				GCC_NO_COMMON_BLOCKS = YES;
				GCC_WARN_64_TO_32_BIT_CONVERSION = YES;
				GCC_WARN_ABOUT_RETURN_TYPE = YES_ERROR;
				GCC_WARN_UNDECLARED_SELECTOR = YES;
				GCC_WARN_UNINITIALIZED_AUTOS = YES_AGGRESSIVE;
				GCC_WARN_UNUSED_FUNCTION = YES;
				GCC_WARN_UNUSED_VARIABLE = YES;
				IPHONEOS_DEPLOYMENT_TARGET = 9.0;
				MTL_ENABLE_DEBUG_INFO = NO;
				SDKROOT = iphoneos;
				SWIFT_OPTIMIZATION_LEVEL = "-Owholemodule";
				VALIDATE_PRODUCT = YES;
			};
			name = Release;
		};
		84A202BD1FE74E8F00366EBE /* Debug */ = {
			isa = XCBuildConfiguration;
			buildSettings = {
				ALWAYS_EMBED_SWIFT_STANDARD_LIBRARIES = YES;
				ASSETCATALOG_COMPILER_APPICON_NAME = AppIcon;
				CODE_SIGN_STYLE = Automatic;
				DEVELOPMENT_TEAM = KFR638643H;
				INFOPLIST_FILE = "$(SRCROOT)/Source/Supporting Files/Info.plist";
				LD_RUNPATH_SEARCH_PATHS = "$(inherited) @executable_path/Frameworks";
				PRODUCT_BUNDLE_IDENTIFIER = com.gshukov.Example;
				PRODUCT_NAME = "$(TARGET_NAME)";
				SWIFT_VERSION = 4.0;
				TARGETED_DEVICE_FAMILY = "1,2";
			};
			name = Debug;
		};
		84A202BE1FE74E8F00366EBE /* Release */ = {
			isa = XCBuildConfiguration;
			buildSettings = {
				ALWAYS_EMBED_SWIFT_STANDARD_LIBRARIES = YES;
				ASSETCATALOG_COMPILER_APPICON_NAME = AppIcon;
				CODE_SIGN_STYLE = Automatic;
				DEVELOPMENT_TEAM = KFR638643H;
				INFOPLIST_FILE = "$(SRCROOT)/Source/Supporting Files/Info.plist";
				LD_RUNPATH_SEARCH_PATHS = "$(inherited) @executable_path/Frameworks";
				PRODUCT_BUNDLE_IDENTIFIER = com.gshukov.Example;
				PRODUCT_NAME = "$(TARGET_NAME)";
				SWIFT_VERSION = 4.0;
				TARGETED_DEVICE_FAMILY = "1,2";
			};
			name = Release;
		};
/* End XCBuildConfiguration section */

/* Begin XCConfigurationList section */
		84A202A51FE74E8F00366EBE /* Build configuration list for PBXProject "Example" */ = {
			isa = XCConfigurationList;
			buildConfigurations = (
				84A202BA1FE74E8F00366EBE /* Debug */,
				84A202BB1FE74E8F00366EBE /* Release */,
			);
			defaultConfigurationIsVisible = 0;
			defaultConfigurationName = Release;
		};
		84A202BC1FE74E8F00366EBE /* Build configuration list for PBXNativeTarget "Example" */ = {
			isa = XCConfigurationList;
			buildConfigurations = (
				84A202BD1FE74E8F00366EBE /* Debug */,
				84A202BE1FE74E8F00366EBE /* Release */,
			);
			defaultConfigurationIsVisible = 0;
			defaultConfigurationName = Release;
		};
/* End XCConfigurationList section */
	};
	rootObject = 84A202A21FE74E8F00366EBE /* Project object */;
}
